# This file is automatically @generated by Cargo.
# It is not intended for manual editing.
[[package]]
name = "aarch64"
version = "0.1.0"
dependencies = [
 "parser",
]

[[package]]
name = "dashc"
version = "0.0.2"
dependencies = [
 "aarch64",
 "example",
 "ltac_printer",
 "parser",
 "transform",
 "x86",
]

[[package]]
name = "example"
version = "0.0.2"
dependencies = [
 "parser",
]

[[package]]
name = "ltac_printer"
version = "0.0.2"
dependencies = [
 "parser",
]

[[package]]
name = "parser"
version = "0.1.0"

[[package]]
name = "transform"
version = "0.1.0"
dependencies = [
 "parser",
]

[[package]]
name = "x86"
version = "0.1.0"
dependencies = [
 "parser",
]
